// !$*UTF8*$!
{
	archiveVersion = 1;
	classes = {
	};
	objectVersion = 50;
	objects = {

/* Begin PBXBuildFile section */
		F3D3665E25ABA4A800B115C1 /* CoreDataPlayApp.swift in Sources */ = {isa = PBXBuildFile; fileRef = F3D3665D25ABA4A800B115C1 /* CoreDataPlayApp.swift */; };
		F3D3666025ABA4A800B115C1 /* ContentView.swift in Sources */ = {isa = PBXBuildFile; fileRef = F3D3665F25ABA4A800B115C1 /* ContentView.swift */; };
		F3D3666225ABA4AB00B115C1 /* Assets.xcassets in Resources */ = {isa = PBXBuildFile; fileRef = F3D3666125ABA4AB00B115C1 /* Assets.xcassets */; };
		F3D3666525ABA4AB00B115C1 /* Preview Assets.xcassets in Resources */ = {isa = PBXBuildFile; fileRef = F3D3666425ABA4AB00B115C1 /* Preview Assets.xcassets */; };
		F3D3667025ABA4AC00B115C1 /* CoreDataPlayTests.swift in Sources */ = {isa = PBXBuildFile; fileRef = F3D3666F25ABA4AC00B115C1 /* CoreDataPlayTests.swift */; };
		F3D3667B25ABA4AC00B115C1 /* CoreDataPlayUITests.swift in Sources */ = {isa = PBXBuildFile; fileRef = F3D3667A25ABA4AC00B115C1 /* CoreDataPlayUITests.swift */; };
		F3D3668D25ABA4EF00B115C1 /* TodosList.xcdatamodeld in Sources */ = {isa = PBXBuildFile; fileRef = F3D3668B25ABA4EF00B115C1 /* TodosList.xcdatamodeld */; };
		F3D3669225ABA89C00B115C1 /* Persistence.swift in Sources */ = {isa = PBXBuildFile; fileRef = F3D3669125ABA89C00B115C1 /* Persistence.swift */; };
/* End PBXBuildFile section */

/* Begin PBXContainerItemProxy section */
		F3D3666C25ABA4AC00B115C1 /* PBXContainerItemProxy */ = {
			isa = PBXContainerItemProxy;
			containerPortal = F3D3665225ABA4A800B115C1 /* Project object */;
			proxyType = 1;
			remoteGlobalIDString = F3D3665925ABA4A800B115C1;
			remoteInfo = CoreDataPlay;
		};
		F3D3667725ABA4AC00B115C1 /* PBXContainerItemProxy */ = {
			isa = PBXContainerItemProxy;
			containerPortal = F3D3665225ABA4A800B115C1 /* Project object */;
			proxyType = 1;
			remoteGlobalIDString = F3D3665925ABA4A800B115C1;
			remoteInfo = CoreDataPlay;
		};
/* End PBXContainerItemProxy section */

/* Begin PBXFileReference section */
		F3D3665A25ABA4A800B115C1 /* CoreDataPlay.app */ = {isa = PBXFileReference; explicitFileType = wrapper.application; includeInIndex = 0; path = CoreDataPlay.app; sourceTree = BUILT_PRODUCTS_DIR; };
		F3D3665D25ABA4A800B115C1 /* CoreDataPlayApp.swift */ = {isa = PBXFileReference; lastKnownFileType = sourcecode.swift; path = CoreDataPlayApp.swift; sourceTree = "<group>"; };
		F3D3665F25ABA4A800B115C1 /* ContentView.swift */ = {isa = PBXFileReference; lastKnownFileType = sourcecode.swift; path = ContentView.swift; sourceTree = "<group>"; };
		F3D3666125ABA4AB00B115C1 /* Assets.xcassets */ = {isa = PBXFileReference; lastKnownFileType = folder.assetcatalog; path = Assets.xcassets; sourceTree = "<group>"; };
		F3D3666425ABA4AB00B115C1 /* Preview Assets.xcassets */ = {isa = PBXFileReference; lastKnownFileType = folder.assetcatalog; path = "Preview Assets.xcassets"; sourceTree = "<group>"; };
		F3D3666625ABA4AB00B115C1 /* Info.plist */ = {isa = PBXFileReference; lastKnownFileType = text.plist.xml; path = Info.plist; sourceTree = "<group>"; };
		F3D3666B25ABA4AC00B115C1 /* CoreDataPlayTests.xctest */ = {isa = PBXFileReference; explicitFileType = wrapper.cfbundle; includeInIndex = 0; path = CoreDataPlayTests.xctest; sourceTree = BUILT_PRODUCTS_DIR; };
		F3D3666F25ABA4AC00B115C1 /* CoreDataPlayTests.swift */ = {isa = PBXFileReference; lastKnownFileType = sourcecode.swift; path = CoreDataPlayTests.swift; sourceTree = "<group>"; };
		F3D3667125ABA4AC00B115C1 /* Info.plist */ = {isa = PBXFileReference; lastKnownFileType = text.plist.xml; path = Info.plist; sourceTree = "<group>"; };
		F3D3667625ABA4AC00B115C1 /* CoreDataPlayUITests.xctest */ = {isa = PBXFileReference; explicitFileType = wrapper.cfbundle; includeInIndex = 0; path = CoreDataPlayUITests.xctest; sourceTree = BUILT_PRODUCTS_DIR; };
		F3D3667A25ABA4AC00B115C1 /* CoreDataPlayUITests.swift */ = {isa = PBXFileReference; lastKnownFileType = sourcecode.swift; path = CoreDataPlayUITests.swift; sourceTree = "<group>"; };
		F3D3667C25ABA4AC00B115C1 /* Info.plist */ = {isa = PBXFileReference; lastKnownFileType = text.plist.xml; path = Info.plist; sourceTree = "<group>"; };
		F3D3668C25ABA4EF00B115C1 /* TodosList.xcdatamodel */ = {isa = PBXFileReference; lastKnownFileType = wrapper.xcdatamodel; path = TodosList.xcdatamodel; sourceTree = "<group>"; };
		F3D3669125ABA89C00B115C1 /* Persistence.swift */ = {isa = PBXFileReference; lastKnownFileType = sourcecode.swift; path = Persistence.swift; sourceTree = "<group>"; };
/* End PBXFileReference section */

/* Begin PBXFrameworksBuildPhase section */
		F3D3665725ABA4A800B115C1 /* Frameworks */ = {
			isa = PBXFrameworksBuildPhase;
			buildActionMask = 2147483647;
			files = (
			);
			runOnlyForDeploymentPostprocessing = 0;
		};
		F3D3666825ABA4AC00B115C1 /* Frameworks */ = {
			isa = PBXFrameworksBuildPhase;
			buildActionMask = 2147483647;
			files = (
			);
			runOnlyForDeploymentPostprocessing = 0;
		};
		F3D3667325ABA4AC00B115C1 /* Frameworks */ = {
			isa = PBXFrameworksBuildPhase;
			buildActionMask = 2147483647;
			files = (
			);
			runOnlyForDeploymentPostprocessing = 0;
		};
/* End PBXFrameworksBuildPhase section */

/* Begin PBXGroup section */
		F3D3665125ABA4A800B115C1 = {
			isa = PBXGroup;
			children = (
				F3D3665C25ABA4A800B115C1 /* CoreDataPlay */,
				F3D3666E25ABA4AC00B115C1 /* CoreDataPlayTests */,
				F3D3667925ABA4AC00B115C1 /* CoreDataPlayUITests */,
				F3D3665B25ABA4A800B115C1 /* Products */,
			);
			sourceTree = "<group>";
		};
		F3D3665B25ABA4A800B115C1 /* Products */ = {
			isa = PBXGroup;
			children = (
				F3D3665A25ABA4A800B115C1 /* CoreDataPlay.app */,
				F3D3666B25ABA4AC00B115C1 /* CoreDataPlayTests.xctest */,
				F3D3667625ABA4AC00B115C1 /* CoreDataPlayUITests.xctest */,
			);
			name = Products;
			sourceTree = "<group>";
		};
		F3D3665C25ABA4A800B115C1 /* CoreDataPlay */ = {
			isa = PBXGroup;
			children = (
				F3D3665D25ABA4A800B115C1 /* CoreDataPlayApp.swift */,
				F3D3665F25ABA4A800B115C1 /* ContentView.swift */,
				F3D3669125ABA89C00B115C1 /* Persistence.swift */,
				F3D3666125ABA4AB00B115C1 /* Assets.xcassets */,
				F3D3666625ABA4AB00B115C1 /* Info.plist */,
				F3D3668B25ABA4EF00B115C1 /* TodosList.xcdatamodeld */,
				F3D3666325ABA4AB00B115C1 /* Preview Content */,
			);
			path = CoreDataPlay;
			sourceTree = "<group>";
		};
		F3D3666325ABA4AB00B115C1 /* Preview Content */ = {
			isa = PBXGroup;
			children = (
				F3D3666425ABA4AB00B115C1 /* Preview Assets.xcassets */,
			);
			path = "Preview Content";
			sourceTree = "<group>";
		};
		F3D3666E25ABA4AC00B115C1 /* CoreDataPlayTests */ = {
			isa = PBXGroup;
			children = (
				F3D3666F25ABA4AC00B115C1 /* CoreDataPlayTests.swift */,
				F3D3667125ABA4AC00B115C1 /* Info.plist */,
			);
			path = CoreDataPlayTests;
			sourceTree = "<group>";
		};
		F3D3667925ABA4AC00B115C1 /* CoreDataPlayUITests */ = {
			isa = PBXGroup;
			children = (
				F3D3667A25ABA4AC00B115C1 /* CoreDataPlayUITests.swift */,
				F3D3667C25ABA4AC00B115C1 /* Info.plist */,
			);
			path = CoreDataPlayUITests;
			sourceTree = "<group>";
		};
/* End PBXGroup section */

/* Begin PBXNativeTarget section */
		F3D3665925ABA4A800B115C1 /* CoreDataPlay */ = {
			isa = PBXNativeTarget;
			buildConfigurationList = F3D3667F25ABA4AC00B115C1 /* Build configuration list for PBXNativeTarget "CoreDataPlay" */;
			buildPhases = (
				F3D3665625ABA4A800B115C1 /* Sources */,
				F3D3665725ABA4A800B115C1 /* Frameworks */,
				F3D3665825ABA4A800B115C1 /* Resources */,
			);
			buildRules = (
			);
			dependencies = (
			);
			name = CoreDataPlay;
			productName = CoreDataPlay;
			productReference = F3D3665A25ABA4A800B115C1 /* CoreDataPlay.app */;
			productType = "com.apple.product-type.application";
		};
		F3D3666A25ABA4AC00B115C1 /* CoreDataPlayTests */ = {
			isa = PBXNativeTarget;
			buildConfigurationList = F3D3668225ABA4AC00B115C1 /* Build configuration list for PBXNativeTarget "CoreDataPlayTests" */;
			buildPhases = (
				F3D3666725ABA4AC00B115C1 /* Sources */,
				F3D3666825ABA4AC00B115C1 /* Frameworks */,
				F3D3666925ABA4AC00B115C1 /* Resources */,
			);
			buildRules = (
			);
			dependencies = (
				F3D3666D25ABA4AC00B115C1 /* PBXTargetDependency */,
			);
			name = CoreDataPlayTests;
			productName = CoreDataPlayTests;
			productReference = F3D3666B25ABA4AC00B115C1 /* CoreDataPlayTests.xctest */;
			productType = "com.apple.product-type.bundle.unit-test";
		};
		F3D3667525ABA4AC00B115C1 /* CoreDataPlayUITests */ = {
			isa = PBXNativeTarget;
			buildConfigurationList = F3D3668525ABA4AC00B115C1 /* Build configuration list for PBXNativeTarget "CoreDataPlayUITests" */;
			buildPhases = (
				F3D3667225ABA4AC00B115C1 /* Sources */,
				F3D3667325ABA4AC00B115C1 /* Frameworks */,
				F3D3667425ABA4AC00B115C1 /* Resources */,
			);
			buildRules = (
			);
			dependencies = (
				F3D3667825ABA4AC00B115C1 /* PBXTargetDependency */,
			);
			name = CoreDataPlayUITests;
			productName = CoreDataPlayUITests;
			productReference = F3D3667625ABA4AC00B115C1 /* CoreDataPlayUITests.xctest */;
			productType = "com.apple.product-type.bundle.ui-testing";
		};
/* End PBXNativeTarget section */

/* Begin PBXProject section */
		F3D3665225ABA4A800B115C1 /* Project object */ = {
			isa = PBXProject;
			attributes = {
				LastSwiftUpdateCheck = 1230;
				LastUpgradeCheck = 1230;
				TargetAttributes = {
					F3D3665925ABA4A800B115C1 = {
						CreatedOnToolsVersion = 12.3;
					};
					F3D3666A25ABA4AC00B115C1 = {
						CreatedOnToolsVersion = 12.3;
						TestTargetID = F3D3665925ABA4A800B115C1;
					};
					F3D3667525ABA4AC00B115C1 = {
						CreatedOnToolsVersion = 12.3;
						TestTargetID = F3D3665925ABA4A800B115C1;
					};
				};
			};
			buildConfigurationList = F3D3665525ABA4A800B115C1 /* Build configuration list for PBXProject "CoreDataPlay" */;
			compatibilityVersion = "Xcode 9.3";
			developmentRegion = en;
			hasScannedForEncodings = 0;
			knownRegions = (
				en,
				Base,
			);
			mainGroup = F3D3665125ABA4A800B115C1;
			productRefGroup = F3D3665B25ABA4A800B115C1 /* Products */;
			projectDirPath = "";
			projectRoot = "";
			targets = (
				F3D3665925ABA4A800B115C1 /* CoreDataPlay */,
				F3D3666A25ABA4AC00B115C1 /* CoreDataPlayTests */,
				F3D3667525ABA4AC00B115C1 /* CoreDataPlayUITests */,
			);
		};
/* End PBXProject section */

/* Begin PBXResourcesBuildPhase section */
		F3D3665825ABA4A800B115C1 /* Resources */ = {
			isa = PBXResourcesBuildPhase;
			buildActionMask = 2147483647;
			files = (
				F3D3666525ABA4AB00B115C1 /* Preview Assets.xcassets in Resources */,
				F3D3666225ABA4AB00B115C1 /* Assets.xcassets in Resources */,
			);
			runOnlyForDeploymentPostprocessing = 0;
		};
		F3D3666925ABA4AC00B115C1 /* Resources */ = {
			isa = PBXResourcesBuildPhase;
			buildActionMask = 2147483647;
			files = (
			);
			runOnlyForDeploymentPostprocessing = 0;
		};
		F3D3667425ABA4AC00B115C1 /* Resources */ = {
			isa = PBXResourcesBuildPhase;
			buildActionMask = 2147483647;
			files = (
			);
			runOnlyForDeploymentPostprocessing = 0;
		};
/* End PBXResourcesBuildPhase section */

/* Begin PBXSourcesBuildPhase section */
		F3D3665625ABA4A800B115C1 /* Sources */ = {
			isa = PBXSourcesBuildPhase;
			buildActionMask = 2147483647;
			files = (
				F3D3668D25ABA4EF00B115C1 /* TodosList.xcdatamodeld in Sources */,
				F3D3669225ABA89C00B115C1 /* Persistence.swift in Sources */,
				F3D3666025ABA4A800B115C1 /* ContentView.swift in Sources */,
				F3D3665E25ABA4A800B115C1 /* CoreDataPlayApp.swift in Sources */,
			);
			runOnlyForDeploymentPostprocessing = 0;
		};
		F3D3666725ABA4AC00B115C1 /* Sources */ = {
			isa = PBXSourcesBuildPhase;
			buildActionMask = 2147483647;
			files = (
				F3D3667025ABA4AC00B115C1 /* CoreDataPlayTests.swift in Sources */,
			);
			runOnlyForDeploymentPostprocessing = 0;
		};
		F3D3667225ABA4AC00B115C1 /* Sources */ = {
			isa = PBXSourcesBuildPhase;
			buildActionMask = 2147483647;
			files = (
				F3D3667B25ABA4AC00B115C1 /* CoreDataPlayUITests.swift in Sources */,
			);
			runOnlyForDeploymentPostprocessing = 0;
		};
/* End PBXSourcesBuildPhase section */

/* Begin PBXTargetDependency section */
		F3D3666D25ABA4AC00B115C1 /* PBXTargetDependency */ = {
			isa = PBXTargetDependency;
			target = F3D3665925ABA4A800B115C1 /* CoreDataPlay */;
			targetProxy = F3D3666C25ABA4AC00B115C1 /* PBXContainerItemProxy */;
		};
		F3D3667825ABA4AC00B115C1 /* PBXTargetDependency */ = {
			isa = PBXTargetDependency;
			target = F3D3665925ABA4A800B115C1 /* CoreDataPlay */;
			targetProxy = F3D3667725ABA4AC00B115C1 /* PBXContainerItemProxy */;
		};
/* End PBXTargetDependency section */

/* Begin XCBuildConfiguration section */
		F3D3667D25ABA4AC00B115C1 /* Debug */ = {
			isa = XCBuildConfiguration;
			buildSettings = {
				ALWAYS_SEARCH_USER_PATHS = NO;
				CLANG_ANALYZER_NONNULL = YES;
				CLANG_ANALYZER_NUMBER_OBJECT_CONVERSION = YES_AGGRESSIVE;
				CLANG_CXX_LANGUAGE_STANDARD = "gnu++14";
				CLANG_CXX_LIBRARY = "libc++";
				CLANG_ENABLE_MODULES = YES;
				CLANG_ENABLE_OBJC_ARC = YES;
				CLANG_ENABLE_OBJC_WEAK = YES;
				CLANG_WARN_BLOCK_CAPTURE_AUTORELEASING = YES;
				CLANG_WARN_BOOL_CONVERSION = YES;
				CLANG_WARN_COMMA = YES;
				CLANG_WARN_CONSTANT_CONVERSION = YES;
				CLANG_WARN_DEPRECATED_OBJC_IMPLEMENTATIONS = YES;
				CLANG_WARN_DIRECT_OBJC_ISA_USAGE = YES_ERROR;
				CLANG_WARN_DOCUMENTATION_COMMENTS = YES;
				CLANG_WARN_EMPTY_BODY = YES;
				CLANG_WARN_ENUM_CONVERSION = YES;
				CLANG_WARN_INFINITE_RECURSION = YES;
				CLANG_WARN_INT_CONVERSION = YES;
				CLANG_WARN_NON_LITERAL_NULL_CONVERSION = YES;
				CLANG_WARN_OBJC_IMPLICIT_RETAIN_SELF = YES;
				CLANG_WARN_OBJC_LITERAL_CONVERSION = YES;
				CLANG_WARN_OBJC_ROOT_CLASS = YES_ERROR;
				CLANG_WARN_QUOTED_INCLUDE_IN_FRAMEWORK_HEADER = YES;
				CLANG_WARN_RANGE_LOOP_ANALYSIS = YES;
				CLANG_WARN_STRICT_PROTOTYPES = YES;
				CLANG_WARN_SUSPICIOUS_MOVE = YES;
				CLANG_WARN_UNGUARDED_AVAILABILITY = YES_AGGRESSIVE;
				CLANG_WARN_UNREACHABLE_CODE = YES;
				CLANG_WARN__DUPLICATE_METHOD_MATCH = YES;
				COPY_PHASE_STRIP = NO;
				DEBUG_INFORMATION_FORMAT = dwarf;
				ENABLE_STRICT_OBJC_MSGSEND = YES;
				ENABLE_TESTABILITY = YES;
				GCC_C_LANGUAGE_STANDARD = gnu11;
				GCC_DYNAMIC_NO_PIC = NO;
				GCC_NO_COMMON_BLOCKS = YES;
				GCC_OPTIMIZATION_LEVEL = 0;
				GCC_PREPROCESSOR_DEFINITIONS = (
					"DEBUG=1",
					"$(inherited)",
				);
				GCC_WARN_64_TO_32_BIT_CONVERSION = YES;
				GCC_WARN_ABOUT_RETURN_TYPE = YES_ERROR;
				GCC_WARN_UNDECLARED_SELECTOR = YES;
				GCC_WARN_UNINITIALIZED_AUTOS = YES_AGGRESSIVE;
				GCC_WARN_UNUSED_FUNCTION = YES;
				GCC_WARN_UNUSED_VARIABLE = YES;
				IPHONEOS_DEPLOYMENT_TARGET = 14.3;
				MTL_ENABLE_DEBUG_INFO = INCLUDE_SOURCE;
				MTL_FAST_MATH = YES;
				ONLY_ACTIVE_ARCH = YES;
				SDKROOT = iphoneos;
				SWIFT_ACTIVE_COMPILATION_CONDITIONS = DEBUG;
				SWIFT_OPTIMIZATION_LEVEL = "-Onone";
			};
			name = Debug;
		};
		F3D3667E25ABA4AC00B115C1 /* Release */ = {
			isa = XCBuildConfiguration;
			buildSettings = {
				ALWAYS_SEARCH_USER_PATHS = NO;
				CLANG_ANALYZER_NONNULL = YES;
				CLANG_ANALYZER_NUMBER_OBJECT_CONVERSION = YES_AGGRESSIVE;
				CLANG_CXX_LANGUAGE_STANDARD = "gnu++14";
				CLANG_CXX_LIBRARY = "libc++";
				CLANG_ENABLE_MODULES = YES;
				CLANG_ENABLE_OBJC_ARC = YES;
				CLANG_ENABLE_OBJC_WEAK = YES;
				CLANG_WARN_BLOCK_CAPTURE_AUTORELEASING = YES;
				CLANG_WARN_BOOL_CONVERSION = YES;
				CLANG_WARN_COMMA = YES;
				CLANG_WARN_CONSTANT_CONVERSION = YES;
				CLANG_WARN_DEPRECATED_OBJC_IMPLEMENTATIONS = YES;
				CLANG_WARN_DIRECT_OBJC_ISA_USAGE = YES_ERROR;
				CLANG_WARN_DOCUMENTATION_COMMENTS = YES;
				CLANG_WARN_EMPTY_BODY = YES;
				CLANG_WARN_ENUM_CONVERSION = YES;
				CLANG_WARN_INFINITE_RECURSION = YES;
				CLANG_WARN_INT_CONVERSION = YES;
				CLANG_WARN_NON_LITERAL_NULL_CONVERSION = YES;
				CLANG_WARN_OBJC_IMPLICIT_RETAIN_SELF = YES;
				CLANG_WARN_OBJC_LITERAL_CONVERSION = YES;
				CLANG_WARN_OBJC_ROOT_CLASS = YES_ERROR;
				CLANG_WARN_QUOTED_INCLUDE_IN_FRAMEWORK_HEADER = YES;
				CLANG_WARN_RANGE_LOOP_ANALYSIS = YES;
				CLANG_WARN_STRICT_PROTOTYPES = YES;
				CLANG_WARN_SUSPICIOUS_MOVE = YES;
				CLANG_WARN_UNGUARDED_AVAILABILITY = YES_AGGRESSIVE;
				CLANG_WARN_UNREACHABLE_CODE = YES;
				CLANG_WARN__DUPLICATE_METHOD_MATCH = YES;
				COPY_PHASE_STRIP = NO;
				DEBUG_INFORMATION_FORMAT = "dwarf-with-dsym";
				ENABLE_NS_ASSERTIONS = NO;
				ENABLE_STRICT_OBJC_MSGSEND = YES;
				GCC_C_LANGUAGE_STANDARD = gnu11;
				GCC_NO_COMMON_BLOCKS = YES;
				GCC_WARN_64_TO_32_BIT_CONVERSION = YES;
				GCC_WARN_ABOUT_RETURN_TYPE = YES_ERROR;
				GCC_WARN_UNDECLARED_SELECTOR = YES;
				GCC_WARN_UNINITIALIZED_AUTOS = YES_AGGRESSIVE;
				GCC_WARN_UNUSED_FUNCTION = YES;
				GCC_WARN_UNUSED_VARIABLE = YES;
				IPHONEOS_DEPLOYMENT_TARGET = 14.3;
				MTL_ENABLE_DEBUG_INFO = NO;
				MTL_FAST_MATH = YES;
				SDKROOT = iphoneos;
				SWIFT_COMPILATION_MODE = wholemodule;
				SWIFT_OPTIMIZATION_LEVEL = "-O";
				VALIDATE_PRODUCT = YES;
			};
			name = Release;
		};
		F3D3668025ABA4AC00B115C1 /* Debug */ = {
			isa = XCBuildConfiguration;
			buildSettings = {
				ASSETCATALOG_COMPILER_APPICON_NAME = AppIcon;
				ASSETCATALOG_COMPILER_GLOBAL_ACCENT_COLOR_NAME = AccentColor;
				CODE_SIGN_STYLE = Automatic;
				DEVELOPMENT_ASSET_PATHS = "\"CoreDataPlay/Preview Content\"";
				ENABLE_PREVIEWS = YES;
				INFOPLIST_FILE = CoreDataPlay/Info.plist;
				IPHONEOS_DEPLOYMENT_TARGET = 14.0;
				LD_RUNPATH_SEARCH_PATHS = (
					"$(inherited)",
					"@executable_path/Frameworks",
				);
				PRODUCT_BUNDLE_IDENTIFIER = com.armil.CoreDataPlay;
				PRODUCT_NAME = "$(TARGET_NAME)";
				SWIFT_VERSION = 5.0;
				TARGETED_DEVICE_FAMILY = "1,2";
			};
			name = Debug;
		};
		F3D3668125ABA4AC00B115C1 /* Release */ = {
			isa = XCBuildConfiguration;
			buildSettings = {
				ASSETCATALOG_COMPILER_APPICON_NAME = AppIcon;
				ASSETCATALOG_COMPILER_GLOBAL_ACCENT_COLOR_NAME = AccentColor;
				CODE_SIGN_STYLE = Automatic;
				DEVELOPMENT_ASSET_PATHS = "\"CoreDataPlay/Preview Content\"";
				ENABLE_PREVIEWS = YES;
				INFOPLIST_FILE = CoreDataPlay/Info.plist;
				IPHONEOS_DEPLOYMENT_TARGET = 14.0;
				LD_RUNPATH_SEARCH_PATHS = (
					"$(inherited)",
					"@executable_path/Frameworks",
				);
				PRODUCT_BUNDLE_IDENTIFIER = com.armil.CoreDataPlay;
				PRODUCT_NAME = "$(TARGET_NAME)";
				SWIFT_VERSION = 5.0;
				TARGETED_DEVICE_FAMILY = "1,2";
			};
			name = Release;
		};
		F3D3668325ABA4AC00B115C1 /* Debug */ = {
			isa = XCBuildConfiguration;
			buildSettings = {
				ALWAYS_EMBED_SWIFT_STANDARD_LIBRARIES = YES;
				BUNDLE_LOADER = "$(TEST_HOST)";
				CODE_SIGN_STYLE = Automatic;
				INFOPLIST_FILE = CoreDataPlayTests/Info.plist;
				IPHONEOS_DEPLOYMENT_TARGET = 14.0;
				LD_RUNPATH_SEARCH_PATHS = (
					"$(inherited)",
					"@executable_path/Frameworks",
					"@loader_path/Frameworks",
				);
				PRODUCT_BUNDLE_IDENTIFIER = com.armil.CoreDataPlayTests;
				PRODUCT_NAME = "$(TARGET_NAME)";
				SWIFT_VERSION = 5.0;
				TARGETED_DEVICE_FAMILY = "1,2";
				TEST_HOST = "$(BUILT_PRODUCTS_DIR)/CoreDataPlay.app/CoreDataPlay";
			};
			name = Debug;
		};
		F3D3668425ABA4AC00B115C1 /* Release */ = {
			isa = XCBuildConfiguration;
			buildSettings = {
				ALWAYS_EMBED_SWIFT_STANDARD_LIBRARIES = YES;
				BUNDLE_LOADER = "$(TEST_HOST)";
				CODE_SIGN_STYLE = Automatic;
				INFOPLIST_FILE = CoreDataPlayTests/Info.plist;
				IPHONEOS_DEPLOYMENT_TARGET = 14.0;
				LD_RUNPATH_SEARCH_PATHS = (
					"$(inherited)",
					"@executable_path/Frameworks",
					"@loader_path/Frameworks",
				);
				PRODUCT_BUNDLE_IDENTIFIER = com.armil.CoreDataPlayTests;
				PRODUCT_NAME = "$(TARGET_NAME)";
				SWIFT_VERSION = 5.0;
				TARGETED_DEVICE_FAMILY = "1,2";
				TEST_HOST = "$(BUILT_PRODUCTS_DIR)/CoreDataPlay.app/CoreDataPlay";
			};
			name = Release;
		};
		F3D3668625ABA4AC00B115C1 /* Debug */ = {
			isa = XCBuildConfiguration;
			buildSettings = {
				ALWAYS_EMBED_SWIFT_STANDARD_LIBRARIES = YES;
				CODE_SIGN_STYLE = Automatic;
				INFOPLIST_FILE = CoreDataPlayUITests/Info.plist;
				LD_RUNPATH_SEARCH_PATHS = (
					"$(inherited)",
					"@executable_path/Frameworks",
					"@loader_path/Frameworks",
				);
				PRODUCT_BUNDLE_IDENTIFIER = com.armil.CoreDataPlayUITests;
				PRODUCT_NAME = "$(TARGET_NAME)";
				SWIFT_VERSION = 5.0;
				TARGETED_DEVICE_FAMILY = "1,2";
				TEST_TARGET_NAME = CoreDataPlay;
			};
			name = Debug;
		};
		F3D3668725ABA4AC00B115C1 /* Release */ = {
			isa = XCBuildConfiguration;
			buildSettings = {
				ALWAYS_EMBED_SWIFT_STANDARD_LIBRARIES = YES;
				CODE_SIGN_STYLE = Automatic;
				INFOPLIST_FILE = CoreDataPlayUITests/Info.plist;
				LD_RUNPATH_SEARCH_PATHS = (
					"$(inherited)",
					"@executable_path/Frameworks",
					"@loader_path/Frameworks",
				);
				PRODUCT_BUNDLE_IDENTIFIER = com.armil.CoreDataPlayUITests;
				PRODUCT_NAME = "$(TARGET_NAME)";
				SWIFT_VERSION = 5.0;
				TARGETED_DEVICE_FAMILY = "1,2";
				TEST_TARGET_NAME = CoreDataPlay;
			};
			name = Release;
		};
/* End XCBuildConfiguration section */

/* Begin XCConfigurationList section */
		F3D3665525ABA4A800B115C1 /* Build configuration list for PBXProject "CoreDataPlay" */ = {
			isa = XCConfigurationList;
			buildConfigurations = (
				F3D3667D25ABA4AC00B115C1 /* Debug */,
				F3D3667E25ABA4AC00B115C1 /* Release */,
			);
			defaultConfigurationIsVisible = 0;
			defaultConfigurationName = Release;
		};
		F3D3667F25ABA4AC00B115C1 /* Build configuration list for PBXNativeTarget "CoreDataPlay" */ = {
			isa = XCConfigurationList;
			buildConfigurations = (
				F3D3668025ABA4AC00B115C1 /* Debug */,
				F3D3668125ABA4AC00B115C1 /* Release */,
			);
			defaultConfigurationIsVisible = 0;
			defaultConfigurationName = Release;
		};
		F3D3668225ABA4AC00B115C1 /* Build configuration list for PBXNativeTarget "CoreDataPlayTests" */ = {
			isa = XCConfigurationList;
			buildConfigurations = (
				F3D3668325ABA4AC00B115C1 /* Debug */,
				F3D3668425ABA4AC00B115C1 /* Release */,
			);
			defaultConfigurationIsVisible = 0;
			defaultConfigurationName = Release;
		};
		F3D3668525ABA4AC00B115C1 /* Build configuration list for PBXNativeTarget "CoreDataPlayUITests" */ = {
			isa = XCConfigurationList;
			buildConfigurations = (
				F3D3668625ABA4AC00B115C1 /* Debug */,
				F3D3668725ABA4AC00B115C1 /* Release */,
			);
			defaultConfigurationIsVisible = 0;
			defaultConfigurationName = Release;
		};
/* End XCConfigurationList section */

/* Begin XCVersionGroup section */
		F3D3668B25ABA4EF00B115C1 /* TodosList.xcdatamodeld */ = {
			isa = XCVersionGroup;
			children = (
				F3D3668C25ABA4EF00B115C1 /* TodosList.xcdatamodel */,
			);
			currentVersion = F3D3668C25ABA4EF00B115C1 /* TodosList.xcdatamodel */;
			path = TodosList.xcdatamodeld;
			sourceTree = "<group>";
			versionGroupType = wrapper.xcdatamodel;
		};
/* End XCVersionGroup section */
	};
	rootObject = F3D3665225ABA4A800B115C1 /* Project object */;
}
